github.com/aws/aws-sdk-go-v2 v1.41.7 h1:DWpAJt66FmnnaRIOT/8ASTucrvuDPZASqhhLey6tLY8=
github.com/aws/aws-sdk-go-v2 v1.41.7/go.mod h1:4LAfZOPHNVNQEckOACQx60Y8pSRjIkNZQz1w92xpMJc=
github.com/aws/aws-sdk-go-v2/aws/protocol/eventstream v1.7.4 h1:489krEF9xIGkOaaX3CE/Be2uWjiXrkCH6gUX+bZA/BU=
github.com/aws/aws-sdk-go-v2/aws/protocol/eventstream v1.7.4/go.mod h1:IOAPF6oT9KCsceNTvvYMNHy0+kMF8akOjeDvPENWxp4=
github.com/aws/aws-sdk-go-v2/config v1.32.7 h1:vxUyWGUwmkQ2g19n7JY/9YL8MfAIl7bTesIUykECXmY=
github.com/aws/aws-sdk-go-v2/config v1.32.7/go.mod h1:2/Qm5vKUU/r7Y+zUk/Ptt2MDAEKAfUtKc1+3U1Mo3oY=
github.com/aws/aws-sdk-go-v2/credentials v1.19.7 h1:tHK47VqqtJxOymRrNtUXN5SP/zUTvZKeLx4tH6PGQc8=
github.com/aws/aws-sdk-go-v2/credentials v1.19.7/go.mod h1:qOZk8sPDrxhf+4Wf4oT2urYJrYt3RejHSzgAquYeppw=
github.com/aws/aws-sdk-go-v2/feature/ec2/imds v1.18.17 h1:I0GyV8wiYrP8XpA70g1HBcQO1JlQxCMTW9npl5UbDHY=
github.com/aws/aws-sdk-go-v2/feature/ec2/imds v1.18.17/go.mod h1:tyw7BOl5bBe/oqvoIeECFJjMdzXoa/dfVz3QQ5lgHGA=
github.com/aws/aws-sdk-go-v2/internal/configsources v1.4.23 h1:GpT/TrnBYuE5gan2cZbTtvP+JlHsutdmlV2YfEyNde0=
github.com/aws/aws-sdk-go-v2/internal/configsources v1.4.23/go.mod h1:xYWD6BS9ywC5bS3sz9Xh04whO/hzK2plt2Zkyrp4JuA=
github.com/aws/aws-sdk-go-v2/internal/endpoints/v2 v2.7.23 h1:bpd8vxhlQi2r1hiueOw02f/duEPTMK59Q4QMAoTTtTo=
github.com/aws/aws-sdk-go-v2/internal/endpoints/v2 v2.7.23/go.mod h1:15DfR2nw+CRHIk0tqNyifu3G1YdAOy68RftkhMDDwYk=
github.com/aws/aws-sdk-go-v2/internal/ini v1.8.4 h1:WKuaxf++XKWlHWu9ECbMlha8WOEGm0OUEZqm4K/Gcfk=
github.com/aws/aws-sdk-go-v2/internal/ini v1.8.4/go.mod h1:ZWy7j6v1vWGmPReu0iSGvRiise4YI5SkR3OHKTZ6Wuc=
github.com/aws/aws-sdk-go-v2/internal/v4a v1.4.17 h1:JqcdRG//czea7Ppjb+g/n4o8i/R50aTBHkA7vu0lK+k=
github.com/aws/aws-sdk-go-v2/internal/v4a v1.4.17/go.mod h1:CO+WeGmIdj/MlPel2KwID9Gt7CNq4M65HUfBW97liM0=
github.com/aws/aws-sdk-go-v2/service/acm v1.37.19 h1:6BPfgg/Y4Pmrdr8KDwHx2CYkw8qPEaGQ+aixjuAY/0U=
github.com/aws/aws-sdk-go-v2/service/acm v1.37.19/go.mod h1:mhOStWeEa1xP99WNNPstX75qgqWgJycL5H7UwZQbqbo=
github.com/aws/aws-sdk-go-v2/service/amplify v1.38.12 h1:dpGGcMaAVQC7+zFM7kWXguQyoCTPENtpAV55Ocanuik=
github.com/aws/aws-sdk-go-v2/service/amplify v1.38.12/go.mod h1:O5tpSxzUKwyjguOAQneWJc6X+RrO+PZ3ejS3cyMQ5a8=
github.com/aws/aws-sdk-go-v2/service/apigateway v1.38.4 h1:V8gcFwJPP3eXZXpeui+p97JmO7WtCkQlEAHrE6Kyt0k=
github.com/aws/aws-sdk-go-v2/service/apigateway v1.38.4/go.mod h1:iJF5UdwkFue/YuUGCFsCCdT3SBMUx0s+h5TNi0Sz+qg=
github.com/aws/aws-sdk-go-v2/service/appmesh v1.35.9 h1:PXT5k29Ep4k3OeTSsv9+1Px4zPAu+wBsOOg9RDItNRs=
github.com/aws/aws-sdk-go-v2/service/appmesh v1.35.9/go.mod h1:pQoh0D9z3Mdd9f67GLrhCJnFfkEklYnzgqehrbRXGsw=
github.com/aws/aws-sdk-go-v2/service/appsync v1.53.1 h1:kVmFGX1a2c9AME+1/DXR6GO8PnaAl5r2eYjCkSdhkqI=
github.com/aws/aws-sdk-go-v2/service/appsync v1.53.1/go.mod h1:9pZW3/Qay4ZsbdlujwMgDh7Ghawa/k+hMo+86CbjIW0=
github.com/aws/aws-sdk-go-v2/service/athena v1.57.0 h1:zWpbEE0+lqHikRPOWOsboqEw/j3lyOPIO0CsZKIy9og=
github.com/aws/aws-sdk-go-v2/service/athena v1.57.0/go.mod h1:4Hg2qtNOcRb/+xXK5wR+RbhIUV2/kKVLwtQg+Zih+X4=
github.com/aws/aws-sdk-go-v2/service/backup v1.54.8 h1:Sc1eQ0cuid0QJHhoZOIH01kfaewRRPOxsrKPDMaxJlg=
github.com/aws/aws-sdk-go-v2/service/backup v1.54.8/go.mod h1:P37vVdxz0IgUmoNUH5XPIo7Ka/a5OB5/o9Jbga+NBpI=
github.com/aws/aws-sdk-go-v2/service/batch v1.60.0 h1:3cvOakiTtrJ1aAhrOxdObtdu56JT8WfsVerxCkCJvVk=
github.com/aws/aws-sdk-go-v2/service/batch v1.60.0/go.mod h1:AsiSt6Dqk71ynOK1sB4sEC2e9tf/h2pbgaodAKRVxIY=
github.com/aws/aws-sdk-go-v2/service/cloudcontrol v1.29.14 h1:ImtrKaec9pN/hz2rCS0IiVUBGKjxS9ZFM3MHNVoZTiY=
github.com/aws/aws-sdk-go-v2/service/cloudcontrol v1.29.14/go.mod h1:7lrvANo4D0kDvxGrcKXEocfULnurpaYBiPRf17ri2lU=
github.com/aws/aws-sdk-go-v2/service/cloudformation v1.71.6 h1:3Rzut9v4ULIX3kjA6w3/Zaq2g8wBx6qJXB4BhQhIgjs=
github.com/aws/aws-sdk-go-v2/service/cloudformation v1.71.6/go.mod h1:skaILkh1I1KNecsZHyNL4c6hdHop7apjt6YzAhezMkc=
github.com/aws/aws-sdk-go-v2/service/cloudfront v1.60.0 h1:RUQqU9L1LnFJ+9t5hsSB7GI6dVvJDCnG4WgRlDeHK6E=
github.com/aws/aws-sdk-go-v2/service/cloudfront v1.60.0/go.mod h1:9Hd/cqshF4zl13KGLkWtRfITbvKR6m6FZHwhL2BYDSY=
github.com/aws/aws-sdk-go-v2/service/cloudtrail v1.55.6 h1:I/7eKwGn6VLi+Uj0evnV9ivdck2DG0GFNzhRJtBGt4U=
github.com/aws/aws-sdk-go-v2/service/cloudtrail v1.55.6/go.mod h1:KD0ez/ci26xygH+Cd8KdrAQN0BsTDhLmwnpZH7CzZQY=
github.com/aws/aws-sdk-go-v2/service/cloudwatch v1.54.0 h1:wSPO/44H6qv5TfzFdGEpDNIyUPK3CVPWt/rvQMd9I9k=
github.com/aws/aws-sdk-go-v2/service/cloudwatch v1.54.0/go.mod h1:Cj+LUEvAU073qB2jInKV6Y0nvHX0k7bL7KAga9zZ3jw=
github.com/aws/aws-sdk-go-v2/service/cloudwatchlogs v1.63.1 h1:l65dmgr7tO26EcHe6WMdseRnFLoJ2nqdkPz1nJdXfaw=
github.com/aws/aws-sdk-go-v2/service/cloudwatchlogs v1.63.1/go.mod h1:wvnXh1w1pGS2UpEvPTKSjXYuxiXhuvob/IMaK2AWvek=
github.com/aws/aws-sdk-go-v2/service/codeconnections v1.10.16 h1:7JabEMZbLSw9HJxlghUusC65ADiq4lbS/ViCRRXkp4g=
github.com/aws/aws-sdk-go-v2/service/codeconnections v1.10.16/go.mod h1:nQ5OPwpYtK/MI5vBzJTbGGc+PwTt7HHnt9URQJif43I=
github.com/aws/aws-sdk-go-v2/service/codeguruprofiler v1.29.19 h1:rlfJ+KIvThNKEkwIgaWjBUerIbfq7/JeSgjfbvVbOU0=
github.com/aws/aws-sdk-go-v2/service/codeguruprofiler v1.29.19/go.mod h1:3pWx/jP7i1fVAF3WSnDRFWJDuOKqQlurf0LMrG/AUjQ=
github.com/aws/aws-sdk-go-v2/service/codegurureviewer v1.34.18 h1:IoawHD7TgWGnIXxmAOoKib3TeHkF96FVFIB+C/JhnCg=
github.com/aws/aws-sdk-go-v2/service/codegurureviewer v1.34.18/go.mod h1:xiuhtesaDQUf7EDDtMYn04qx3OJeOx+5xzx0bZzCsGY=
github.com/aws/aws-sdk-go-v2/service/cognitoidentityprovider v1.58.0 h1:FQQi7oGHGAn3aJJcq0rntRCy3xOfNw7u0FUUm2+6+AU=
github.com/aws/aws-sdk-go-v2/service/cognitoidentityprovider v1.58.0/go.mod h1:bBgsO3htjygdyPTgT0Fou14A5VAQaLqiJ8YE2SW4NKw=
github.com/aws/aws-sdk-go-v2/service/comprehend v1.40.18 h1:Nq5a1NHA7V26jCwajbSfhLht9qrb0OMN7anLZQCR+CU=
github.com/aws/aws-sdk-go-v2/service/comprehend v1.40.18/go.mod h1:RAyYQafoEJR/v5MhsSzl7h15SZP7l+YcPjUZTRRuE+0=
github.com/aws/aws-sdk-go-v2/service/configservice v1.61.1 h1:aho+qoT/ybRPv3EKee98Pc1hZcKRd5ECrv+KdCdj2I8=
github.com/aws/aws-sdk-go-v2/service/configservice v1.61.1/go.mod h1:jAsoyYj8HSPYo4ZMaoGtDG622Nz8VXtsYVA8jyPYyqI=
github.com/aws/aws-sdk-go-v2/service/costexplorer v1.63.3 h1:4/SsyLjRsD+mub/wEt9xjo/SVPzl1idgwvDtklvp8tw=
github.com/aws/aws-sdk-go-v2/service/costexplorer v1.63.3/go.mod h1:GMraVPHg0sV7jaLWiOpIcpo6wA2OyXgJmgPh/GREv9w=
github.com/aws/aws-sdk-go-v2/service/dataexchange v1.40.12 h1:6fBxi0T16K4zrtSWs7l8lMdHUtxMCr5MlW+GykYQxt0=
github.com/aws/aws-sdk-go-v2/service/dataexchange v1.40.12/go.mod h1:w7nDzuv9rEUL0/pmoaq9H0u0GIBZ1yeAvzfqbOv9RZ0=
github.com/aws/aws-sdk-go-v2/service/directoryservice v1.37.0 h1:5MthmITq3unZoB5EHlwYsoadubv0H/vi8/gnO0/UmF4=
github.com/aws/aws-sdk-go-v2/service/directoryservice v1.37.0/go.mod h1:KkCYX9biRFzx8lAEgYyNSuQ3ljMK2ZOTnplMhHyCfhk=
github.com/aws/aws-sdk-go-v2/service/dlm v1.35.13 h1:wyKOcqzzdbwz1UQtbFmmDw6YR6ux20yqmVaB4zONToE=
github.com/aws/aws-sdk-go-v2/service/dlm v1.35.13/go.mod h1:H5FXmob8HAyO6t/Anh2UgK+SEYxGnNb/9H91npxUJgQ=
github.com/aws/aws-sdk-go-v2/service/docdb v1.48.11 h1:7D5G4fCH+ZE14P0sZdSkQQjIWnCZzB05kggmPWW0Gss=
github.com/aws/aws-sdk-go-v2/service/docdb v1.48.11/go.mod h1:Iw7ntHMQ/0/dNQiK/sJZl08jbmR9wRr4JOMFPxFgxmM=
github.com/aws/aws-sdk-go-v2/service/dynamodb v1.55.0 h1:CyYoeHWjVSGimzMhlL0Z4l5gLCa++ccnRJKrsaNssxE=
github.com/aws/aws-sdk-go-v2/service/dynamodb v1.55.0/go.mod h1:ctEsEHY2vFQc6i4KU07q4n68v7BAmTbujv2Y+z8+hQY=
github.com/aws/aws-sdk-go-v2/service/ebs v1.33.12 h1:hSHlUlMC6bAaL2AP6JtsGhstidlBwRI4waRj36ySxV8=
github.com/aws/aws-sdk-go-v2/service/ebs v1.33.12/go.mod h1:sqQNeq4hwI0mgrAa54c4RK/3GWrHAbtZAwNmtwDcCcU=
github.com/aws/aws-sdk-go-v2/service/ec2 v1.285.0 h1:cRZQsqCy59DSJmvmUYzi9K+dutysXzfx6F+fkcIHtOk=
github.com/aws/aws-sdk-go-v2/service/ec2 v1.285.0/go.mod h1:Uy+C+Sc58jozdoL1McQr8bDsEvNFx+/nBY+vpO1HVUY=
github.com/aws/aws-sdk-go-v2/service/ecr v1.55.1 h1:B7f9R99lCF83XlolTg6d6Lvghyto+/VU83ZrneAVfK8=
github.com/aws/aws-sdk-go-v2/service/ecr v1.55.1/go.mod h1:cpYRXx5BkmS3mwWRKPbWSPKmyAUNL7aLWAPiiinwk/U=
github.com/aws/aws-sdk-go-v2/service/ecs v1.71.0 h1:MzP/ElwTpINq+hS80ZQz4epKVnUTlz8Sz+P/AFORCKM=
github.com/aws/aws-sdk-go-v2/service/ecs v1.71.0/go.mod h1:pMlGFDpHoLTJOIZHGdJOAWmi+xeIlQXuFTuQxs1epYE=
github.com/aws/aws-sdk-go-v2/service/eks v1.80.0 h1:moQGV8cPbVTN7r2Xte1Mybku35QDePSJEd3onYVmBtY=
github.com/aws/aws-sdk-go-v2/service/eks v1.80.0/go.mod h1:Qg678m+87sCuJhcsZojenz8mblYG+Tq86V4m3hjVz0s=
github.com/aws/aws-sdk-go-v2/service/elasticache v1.51.9 h1:hTgZLyNoDWphZUtTtcvQh0LP6TZO0mtdSfZK/GObDLk=
github.com/aws/aws-sdk-go-v2/service/elasticache v1.51.9/go.mod h1:91RkIYy9ubykxB50XGYDsbljLZnrZ6rp/Urt4rZrbwQ=
github.com/aws/aws-sdk-go-v2/service/elasticbeanstalk v1.34.0 h1:p9R6ckEzoRaNFlfYTi9OEeq/ruUGta3fB3vEktiLNnM=
github.com/aws/aws-sdk-go-v2/service/elasticbeanstalk v1.34.0/go.mod h1:ioNYrNI58Ot4BudAASL6+fBAzGveXzXObdGGs8evSiY=
github.com/aws/aws-sdk-go-v2/service/elasticloadbalancingv2 v1.54.7 h1:txeoy+BxL/Xef6Cl8zAq4ZewY7c+KnQ3gPSMSTTkTt4=
github.com/aws/aws-sdk-go-v2/service/elasticloadbalancingv2 v1.54.7/go.mod h1:tv2v97S1V5kkp/1vneSYad5Cnrbo+4vfiNNAKCWNKIk=
github.com/aws/aws-sdk-go-v2/service/emrserverless v1.39.3 h1:VyyYx+0dPDLFPPTvUlO1Qgntlgi6I8RmEEx98192jaw=
github.com/aws/aws-sdk-go-v2/service/emrserverless v1.39.3/go.mod h1:JPM46oURtuLCuXENONKSnWfjOtJ8vzkHcoPlloi+eGI=
github.com/aws/aws-sdk-go-v2/service/entityresolution v1.26.3 h1:5RkeNRsp9GRMlqKe1zSsR7VI4714lViHWtPpkei69A4=
github.com/aws/aws-sdk-go-v2/service/entityresolution v1.26.3/go.mod h1:/m8GnUu5hISPgze6obenP/kIwx4WCSMY4fpnLkk4Av4=
github.com/aws/aws-sdk-go-v2/service/eventbridge v1.45.18 h1:Zqe/Mbpjy3Vk0IKreW4cdxz2PBb0JNCeMwYAKbuBnvg=
github.com/aws/aws-sdk-go-v2/service/eventbridge v1.45.18/go.mod h1:oGNgLQOntNCt7Tl3d1NQu5QKFxdufg4huUAmyNECPDU=
github.com/aws/aws-sdk-go-v2/service/finspace v1.33.18 h1:/O9FaWPzNe2KUClT0zcbfctDqt/byKmt9NZAKmuW0x4=
github.com/aws/aws-sdk-go-v2/service/finspace v1.33.18/go.mod h1:If7C9aBO0LjTzEMOEp+Qh6RUdaJUXE1u2LRWf20yIwA=
github.com/aws/aws-sdk-go-v2/service/firehose v1.42.9 h1:nFzEdq+y0lvgnSbYtRkgsSDFI7awmCrihWHFxWg8OQ0=
github.com/aws/aws-sdk-go-v2/service/firehose v1.42.9/go.mod h1:rWQA39HYDLIx/K0Kdk5YXynPju527z3rXHrllkY1uTs=
github.com/aws/aws-sdk-go-v2/service/forecast v1.41.18 h1:qnTIzASDu7VEzPhA8mH7CnbESv/pnYiIXL8bk3iNwOQ=
github.com/aws/aws-sdk-go-v2/service/forecast v1.41.18/go.mod h1:kPcptcV41vB+gF0RdZpuCFbw21gOHbB/lsyAZzwbjNw=
github.com/aws/aws-sdk-go-v2/service/gamelift v1.50.1 h1:KWDuiKX6GxDFCCgVRku5MJeadvkiwJj/cyGgUyLyrJ0=
github.com/aws/aws-sdk-go-v2/service/gamelift v1.50.1/go.mod h1:2DjGCbbH1xsUxYgQ4DeKpCxD+wsxv37nmwaTKlwhBB0=
github.com/aws/aws-sdk-go-v2/service/glacier v1.32.4 h1:zUC3y5Lxb2VHMYiF5+9omeBzsl6t4lNUFD+yTasFh08=
github.com/aws/aws-sdk-go-v2/service/glacier v1.32.4/go.mod h1:b4qWUoebMZwe/s5iG/Y4+Q4iKGYP7HLWJOU7RKyJQdg=
github.com/aws/aws-sdk-go-v2/service/globalaccelerator v1.35.11 h1:4eqAOfI1HxSdRcJ6k9+0yBRvkyAqf7bIN1QoJY9Jql0=
github.com/aws/aws-sdk-go-v2/service/globalaccelerator v1.35.11/go.mod h1:Hzu4FMuPwTHEigK/DAFx2cOTNqRKFmIm+YQiOcmI7oA=
github.com/aws/aws-sdk-go-v2/service/glue v1.137.0 h1:gPQ3FlHOFQELCiNSc76CS9B1G7wBT73PktKG64Q3tRc=
github.com/aws/aws-sdk-go-v2/service/glue v1.137.0/go.mod h1:B6g7dsUUg4QUcH6zou32L1LDXjgtk/YjVFcu09jXv10=
github.com/aws/aws-sdk-go-v2/service/iam v1.53.2 h1:62G6btFUwAa5uR5iPlnlNVAM0zJSLbWgDfKOfUC7oW4=
github.com/aws/aws-sdk-go-v2/service/iam v1.53.2/go.mod h1:av9clChrbZbJ5E21msSsiT2oghl2BJHfQGhCkXmhyu8=
github.com/aws/aws-sdk-go-v2/service/internal/accept-encoding v1.13.7 h1:5EniKhLZe4xzL7a+fU3C2tfUN4nWIqlLesfrjkuPFTY=
github.com/aws/aws-sdk-go-v2/service/internal/accept-encoding v1.13.7/go.mod h1:x0nZssQ3qZSnIcePWLvcoFisRXJzcTVvYpAAdYX8+GI=
github.com/aws/aws-sdk-go-v2/service/internal/checksum v1.9.8 h1:Z5EiPIzXKewUQK0QTMkutjiaPVeVYXX7KIqhXu/0fXs=
github.com/aws/aws-sdk-go-v2/service/internal/checksum v1.9.8/go.mod h1:FsTpJtvC4U1fyDXk7c71XoDv3HlRm8V3NiYLeYLh5YE=
github.com/aws/aws-sdk-go-v2/service/internal/endpoint-discovery v1.11.17 h1:Nhx/OYX+ukejm9t/MkWI8sucnsiroNYNGb5ddI9ungQ=
github.com/aws/aws-sdk-go-v2/service/internal/endpoint-discovery v1.11.17/go.mod h1:AjmK8JWnlAevq1b1NBtv5oQVG4iqnYXUufdgol+q9wg=
github.com/aws/aws-sdk-go-v2/service/internal/presigned-url v1.13.21 h1:c31//R3xgIJMSC8S6hEVq+38DcvUlgFY0FM6mSI5oto=
github.com/aws/aws-sdk-go-v2/service/internal/presigned-url v1.13.21/go.mod h1:r6+pf23ouCB718FUxaqzZdbpYFyDtehyZcmP5KL9FkA=
github.com/aws/aws-sdk-go-v2/service/internal/s3shared v1.19.18 h1:/A/xDuZAVD2BpsS2fftFRo/NoEKQJ8YTnJDEHBy2Gtg=
github.com/aws/aws-sdk-go-v2/service/internal/s3shared v1.19.18/go.mod h1:hWe9b4f+djUQGmyiGEeOnZv69dtMSgpDRIvNMvuvzvY=
github.com/aws/aws-sdk-go-v2/service/kafka v1.49.0 h1:ducXwInIszhvm402b7nTfKbDdtXqDfGxUTz3C5LJ0pI=
github.com/aws/aws-sdk-go-v2/service/kafka v1.49.0/go.mod h1:lU7xpeY4j0/f1Klx/Inm4ljp6TTyMoVlVJAyZNeQGJU=
github.com/aws/aws-sdk-go-v2/service/kinesis v1.43.0 h1:xqUZZ3mQHLCsrmZXmhI3UaP0KeCPKqBOMCkJVepY+HA=
github.com/aws/aws-sdk-go-v2/service/kinesis v1.43.0/go.mod h1:Fpex7CunMujL2O9qaKTDYG0xnl1ZP3pBZ68XyQCmhtA=
github.com/aws/aws-sdk-go-v2/service/kms v1.49.5 h1:DKibav4XF66XSeaXcrn9GlWGHos6D/vJ4r7jsK7z5CE=
github.com/aws/aws-sdk-go-v2/service/kms v1.49.5/go.mod h1:1SdcmEGUEQE1mrU2sIgeHtcMSxHuybhPvuEPANzIDfI=
github.com/aws/aws-sdk-go-v2/service/lambda v1.88.0 h1:u66DMbJWDFXs9458RAHNtq2d0gyqcZFV4mzRwfjM358=
github.com/aws/aws-sdk-go-v2/service/lambda v1.88.0/go.mod h1:ogjbkxFgFOjG3dYFQ8irC92gQfpfMDcy1RDKNSZWXNU=
github.com/aws/aws-sdk-go-v2/service/location v1.50.13 h1:h4N820C0YXBN39lJKUbBiIkZ+o/H7cDVkcrE8XN9jE4=
github.com/aws/aws-sdk-go-v2/service/location v1.50.13/go.mod h1:/u66MnIsPNujLGdSjkt5l9ArREcsZ1s6hsNLvyJ4ERw=
github.com/aws/aws-sdk-go-v2/service/macie2 v1.50.13 h1:t1tw8mNtYyxNqovofbXzUWwBc3PY4cceZQC3C+rBrLw=
github.com/aws/aws-sdk-go-v2/service/macie2 v1.50.13/go.mod h1:OYLO2yEZozmUhAh9vcdtyl8o1b4+/MaGn+mmM81XxCk=
github.com/aws/aws-sdk-go-v2/service/memorydb v1.33.12 h1:BUd9RyiCSQ3gau/LAh6ZppvuQ1IxjetxpB25pc9YbAg=
github.com/aws/aws-sdk-go-v2/service/memorydb v1.33.12/go.mod h1:rxCveQsDbPAecIQjIcDlzsH93PrHovX8bz3llcRAgt0=
github.com/aws/aws-sdk-go-v2/service/mq v1.33.1 h1:fw/32PK9eqPKKotODP5wrN3RtcG8HKbUVoEWK7oUd7s=
github.com/aws/aws-sdk-go-v2/service/mq v1.33.1/go.mod h1:k/EsVXGxs6dcuBioJb3LWwmX7LcXPHLbweDoc6dl24g=
github.com/aws/aws-sdk-go-v2/service/neptune v1.44.3 h1:YlOAIqn5ShfNnplTj17y/4W7sWAdvu3I7b8dF3Ry1cQ=
github.com/aws/aws-sdk-go-v2/service/neptune v1.44.3/go.mod h1:iJQ7qpaNp26sMZvqmSF0zGz0beApcLcWkAerfsoCTrs=
github.com/aws/aws-sdk-go-v2/service/organizations v1.50.3 h1:pqPwpyOjYTYwlexnCxSsy6kIz2lopj7AMA0TEpwvKfw=
github.com/aws/aws-sdk-go-v2/service/organizations v1.50.3/go.mod h1:v6v+HUbPtcnQ5iMgpz3vj9yV5pmMJ88PVJv1RbkCg74=
github.com/aws/aws-sdk-go-v2/service/pinpointsmsvoicev2 v1.28.1 h1:/VHcMhlAlke9EAA00VbUu/Qi7QTfqSn/ubE7+G063f8=
github.com/aws/aws-sdk-go-v2/service/pinpointsmsvoicev2 v1.28.1/go.mod h1:nP/WmnsBm7G24zucbAUnYp7t6qsipB6Ed1k50oD7Xck=
github.com/aws/aws-sdk-go-v2/service/pipes v1.23.17 h1:mVj6qM8m1vacLPRvpYsrhqIopj1gVSz0VbVxZDb6HQQ=
github.com/aws/aws-sdk-go-v2/service/pipes v1.23.17/go.mod h1:eLlxQF7rzISHqpiOqcW/IdjS7kwO+t1NdEpfLFIapAA=
github.com/aws/aws-sdk-go-v2/service/rds v1.115.0 h1:oNl6YghOtxu3MiFk1tQ86QlrYMIEJazGUDbBCg9nxLA=
github.com/aws/aws-sdk-go-v2/service/rds v1.115.0/go.mod h1:JBRYWpz5oXQtHgQC+X8LX9lh0FBCwRHJlWEIT+TTLaE=
github.com/aws/aws-sdk-go-v2/service/redshift v1.62.5 h1:a3aPxz0C4Jdx2eqxS/gfMgDjRS0sYX0B/R/pTtaG4D8=
github.com/aws/aws-sdk-go-v2/service/redshift v1.62.5/go.mod h1:q7lMcIBVEnJiYM+oBmsMp92fang3kCz4/vRi6IjGWjE=
github.com/aws/aws-sdk-go-v2/service/rekognition v1.51.17 h1:6j6Oyx94NqHnnakbwTEwl2C/Q5vsKuzVlKl0ruPQZCo=
github.com/aws/aws-sdk-go-v2/service/rekognition v1.51.17/go.mod h1:K3SrqERm8hniMSa1nYUI4zOhh/2gGKWAEv3XWcFxUrU=
github.com/aws/aws-sdk-go-v2/service/resiliencehub v1.35.10 h1:3QfrRqxoAf3cOeYjXCs2NLp24JOSg+/hkrBZF5ib5gw=
github.com/aws/aws-sdk-go-v2/service/resiliencehub v1.35.10/go.mod h1:HSwhMNwfAsZNfPHStNaDC9Cai/2uu2o89S7hJTEhg3g=
github.com/aws/aws-sdk-go-v2/service/route53 v1.62.2 h1:zoD/SoiVQi8l8tuQn//VexrXS2yorg/+717JNA4Ble8=
github.com/aws/aws-sdk-go-v2/service/route53 v1.62.2/go.mod h1:Ll1DCasPTBFtHK5t/U5WIwGIyRuY3xY+x8/LmqIlqpM=
github.com/aws/aws-sdk-go-v2/service/route53resolver v1.42.2 h1:D54xyxi00fXBCTEzg/2HAZr4YeZS/aoif6FfRsCAFx8=
github.com/aws/aws-sdk-go-v2/service/route53resolver v1.42.2/go.mod h1:kOKvnZVJ5Lwc0Cv7fDQb0gdKOJC+oRqZYXN5MbdWx54=
github.com/aws/aws-sdk-go-v2/service/s3 v1.96.0 h1:oeu8VPlOre74lBA/PMhxa5vewaMIMmILM+RraSyB8KA=
github.com/aws/aws-sdk-go-v2/service/s3 v1.96.0/go.mod h1:5jggDlZ2CLQhwJBiZJb4vfk4f0GxWdEDruWKEJ1xOdo=
github.com/aws/aws-sdk-go-v2/service/s3control v1.68.1 h1:4QG80z0U97W4dQrZRgZlnMgLq/QC/eZegQct0aIjDso=
github.com/aws/aws-sdk-go-v2/service/s3control v1.68.1/go.mod h1:wtMhE5a4RHx4aXoQLJvOIPFs15LcEEov0jWwoFRX71c=
github.com/aws/aws-sdk-go-v2/service/s3tables v1.14.0 h1:PrT+91Zc0K7w7v71PkvhxrblCSpl92kuiIveQ6Dnz8U=
github.com/aws/aws-sdk-go-v2/service/s3tables v1.14.0/go.mod h1:1nxPz+DecxdsuL/ykEU9EN3WoaMhpX8K6S9CHbms6Eg=
github.com/aws/aws-sdk-go-v2/service/sagemaker v1.233.1 h1:Wx9PBanAjQoaTic4/syMZkvDhwYQ35uHHFiHANHR4vA=
github.com/aws/aws-sdk-go-v2/service/sagemaker v1.233.1/go.mod h1:vHHLHyX3/W2ju1unIDtxTdWMJEQ9wLWf0/WXzB7aYOM=
github.com/aws/aws-sdk-go-v2/service/scheduler v1.17.19 h1:Jsz0LdqfucS8YM1E6pbcuURBo+Z1mFWJIfxzCEYDMJA=
github.com/aws/aws-sdk-go-v2/service/scheduler v1.17.19/go.mod h1:LbJJ7RHzglcg4ogjIOMsyuw+GSAYXipEaikJGDkKAxY=
github.com/aws/aws-sdk-go-v2/service/secretsmanager v1.41.1 h1:72DBkm/CCuWx2LMHAXvLDkZfzopT3psfAeyZDIt1/yE=
github.com/aws/aws-sdk-go-v2/service/secretsmanager v1.41.1/go.mod h1:A+oSJxFvzgjZWkpM0mXs3RxB5O1SD6473w3qafOC9eU=
github.com/aws/aws-sdk-go-v2/service/securitylake v1.25.10 h1:6xbHSTjP6Zqs6N2qX8eBaLxcFk4vP6Mqjsx/TPh/Whc=
github.com/aws/aws-sdk-go-v2/service/securitylake v1.25.10/go.mod h1:h1PveMN8Tj7U8cVnpCJyzs3MmqTRtYOHaQUoyaYlje4=
github.com/aws/aws-sdk-go-v2/service/servicequotas v1.34.2 h1:sm6NBL6B4zM9NwDukeXb9j6/aYRrBWtMjEwmSpc+Bss=
github.com/aws/aws-sdk-go-v2/service/servicequotas v1.34.2/go.mod h1:5X/vFNucNV7Ab1dqsncCnenSs/AbZH8cv8I30feCpdg=
github.com/aws/aws-sdk-go-v2/service/ses v1.34.24 h1:ZPCoU087iv2IWJKNQyN+MYOqZAM9lEVevS9MHWGG4wI=
github.com/aws/aws-sdk-go-v2/service/ses v1.34.24/go.mod h1:4T8OWyQ9nkdUrcqHHJkyibP5TfcWDTe4kWL40tiCOcs=
github.com/aws/aws-sdk-go-v2/service/sesv2 v1.59.1 h1:0Pitfk3kTCUeJp+7xvTYhdgwVQhszqw1i4s8U93Z/ds=
github.com/aws/aws-sdk-go-v2/service/sesv2 v1.59.1/go.mod h1:lm1VCfakGKIqjexled4IMNMxgOQpDk7buAFd+7lr9pA=
github.com/aws/aws-sdk-go-v2/service/sfn v1.40.6 h1:DFvanPtonXUABFxMg392QtaZgJPJaU6mt+MHIjeS3hg=
github.com/aws/aws-sdk-go-v2/service/sfn v1.40.6/go.mod h1:wpqc1NsRtOpORLpKEfJowauuE3x5JxXG3maTFbZpUJU=
github.com/aws/aws-sdk-go-v2/service/signin v1.0.5 h1:VrhDvQib/i0lxvr3zqlUwLwJP4fpmpyD9wYG1vfSu+Y=
github.com/aws/aws-sdk-go-v2/service/signin v1.0.5/go.mod h1:k029+U8SY30/3/ras4G/Fnv/b88N4mAfliNn08Dem4M=
github.com/aws/aws-sdk-go-v2/service/sns v1.39.11 h1:Ke7RS0NuP9Xwk31prXYcFGA1Qfn8QmNWcxyjKPcXZdc=
github.com/aws/aws-sdk-go-v2/service/sns v1.39.11/go.mod h1:hdZDKzao0PBfJJygT7T92x2uVcWc/htqlhrjFIjnHDM=
github.com/aws/aws-sdk-go-v2/service/sqs v1.42.21 h1:Oa0IhwDLVrcBHDlNo1aosG4CxO4HyvzDV5xUWqWcBc0=
github.com/aws/aws-sdk-go-v2/service/sqs v1.42.21/go.mod h1:t98Ssq+qtXKXl2SFtaSkuT6X42FSM//fnO6sfq5RqGM=
github.com/aws/aws-sdk-go-v2/service/ssm v1.67.8 h1:31Llf5VfrZ78YvYs7sWcS7L2m3waikzRc6q1nYenVS4=
github.com/aws/aws-sdk-go-v2/service/ssm v1.67.8/go.mod h1:/jgaDlU1UImoxTxhRNxXHvBAPqPZQ8oCjcPbbkR6kac=
github.com/aws/aws-sdk-go-v2/service/sso v1.30.9 h1:v6EiMvhEYBoHABfbGB4alOYmCIrcgyPPiBE1wZAEbqk=
github.com/aws/aws-sdk-go-v2/service/sso v1.30.9/go.mod h1:yifAsgBxgJWn3ggx70A3urX2AN49Y5sJTD1UQFlfqBw=
github.com/aws/aws-sdk-go-v2/service/ssooidc v1.35.13 h1:gd84Omyu9JLriJVCbGApcLzVR3XtmC4ZDPcAI6Ftvds=
github.com/aws/aws-sdk-go-v2/service/ssooidc v1.35.13/go.mod h1:sTGThjphYE4Ohw8vJiRStAcu3rbjtXRsdNB0TvZ5wwo=
github.com/aws/aws-sdk-go-v2/service/sts v1.41.6 h1:5fFjR/ToSOzB2OQ/XqWpZBmNvmP/pJ1jOWYlFDJTjRQ=
github.com/aws/aws-sdk-go-v2/service/sts v1.41.6/go.mod h1:qgFDZQSD/Kys7nJnVqYlWKnh0SSdMjAi0uSwON4wgYQ=
github.com/aws/aws-sdk-go-v2/service/xray v1.36.17 h1:b480fLepDHf9B7FXgcgB7XVDN3pKUACF2MbKu29JYcA=
github.com/aws/aws-sdk-go-v2/service/xray v1.36.17/go.mod h1:ASKVut5pRPVm4bF9/P01ClCthnIopv1PjxWsLOTjKPU=
github.com/aws/smithy-go v1.25.1 h1:J8ERsGSU7d+aCmdQur5Txg6bVoYelvQJgtZehD12GkI=
github.com/aws/smithy-go v1.25.1/go.mod h1:YE2RhdIuDbA5E5bTdciG9KrW3+TiEONeUWCqxX9i1Fc=
github.com/sivchari/golden v0.3.0 h1:WUtMlhvqeH8mXcX4hsZwyfrA5jeNz5F9IL1w+u7Ew7w=
github.com/sivchari/golden v0.3.0/go.mod h1:gddwjsjxPtLYRCq0M471x9WD9khQWty82Yn/PZ/2I8E=
