github.com/aws/aws-sdk-go-v2 v1.43.4 h1:b9FTvbRwy+JCsfp2Wp6wV/KbOx3Aj7nkoFb2cRX0IhE=
github.com/aws/aws-sdk-go-v2 v1.43.4/go.mod h1:70vwSy16txshwG+g55WkpgPKDIByzHI8ccBsOteo3bQ=
github.com/aws/aws-sdk-go-v2/aws/protocol/eventstream v1.7.16 h1:aiuaKlDweRC5qExJondpWjOgyzMHpofpwspGXUtwn4c=
github.com/aws/aws-sdk-go-v2/aws/protocol/eventstream v1.7.16/go.mod h1:nG/LOlmox9BDe9HvQnXWzgcK8uKbgBMZ/Hp5pVt/21I=
github.com/aws/aws-sdk-go-v2/config v1.32.17 h1:FpL4/758/diKwqbytU0prpuiu60fgXKUWCpDJtApclU=
github.com/aws/aws-sdk-go-v2/config v1.32.17/go.mod h1:OXqUMzgXytfoF9JaKkhrOYsyh72t9G+MJH8mMRaexOE=
github.com/aws/aws-sdk-go-v2/credentials v1.19.16 h1:r3RJBuU7X9ibt8RHbMjWE6y60QbKBiII6wSrXnapxSU=
github.com/aws/aws-sdk-go-v2/credentials v1.19.16/go.mod h1:6cx7zqDENJDbBIIWX6P8s0h6hqHC8Avbjh9Dseo27ug=
github.com/aws/aws-sdk-go-v2/feature/ec2/imds v1.18.23 h1:UuSfcORqNSz/ey3VPRS8TcVH2Ikf0/sC+Hdj400QI6U=
github.com/aws/aws-sdk-go-v2/feature/ec2/imds v1.18.23/go.mod h1:+G/OSGiOFnSOkYloKj/9M35s74LgVAdJBSD5lsFfqKg=
github.com/aws/aws-sdk-go-v2/internal/configsources v1.4.35 h1:kzVuGlatQtYinwBJEEyLAbggepCoavosiaHHX9+fD+c=
github.com/aws/aws-sdk-go-v2/internal/configsources v1.4.35/go.mod h1:0yLx0yEI+SfqeJMPvOtIEFoZbiQYXMGszBueiutQyaI=
github.com/aws/aws-sdk-go-v2/internal/endpoints/v2 v2.7.35 h1:WK6CjihTuLisCjSKKbildJ79sGZZgbBz3iNa7VsKIhU=
github.com/aws/aws-sdk-go-v2/internal/endpoints/v2 v2.7.35/go.mod h1:KYleN57luLoe97R7vTnx8PMcVrr9gAcRECtOjl91DNg=
github.com/aws/aws-sdk-go-v2/internal/v4a v1.4.36 h1:jbGY4CXLzZElOXgGsexlC3Hi+3YM0rSmk4opFXKqg/k=
github.com/aws/aws-sdk-go-v2/internal/v4a v1.4.36/go.mod h1:uBu/9aKsS/UQGc72RAt3y54kjgYQxmhut8ZD2dXCDNE=
github.com/aws/aws-sdk-go-v2/service/acm v1.38.3 h1:Fzab84hCu3rw9R9Y3mH7SHfr/cSEHnCB0Mq1JCdr9t0=
github.com/aws/aws-sdk-go-v2/service/acm v1.38.3/go.mod h1:yCteizCNPaHt0SnNusoGGHvy0JDB0tvGDTVhEt5anZM=
github.com/aws/aws-sdk-go-v2/service/amplify v1.38.16 h1:gzzIbyyvOBH5LroqCzPbeVXvYATG1E6giLukqFrTAR8=
github.com/aws/aws-sdk-go-v2/service/amplify v1.38.16/go.mod h1:Cpr737zpOuoLZ137MQ5iImlVxP5A3pdKkVwgOBATy04=
github.com/aws/aws-sdk-go-v2/service/apigateway v1.39.3 h1:7MJlB7KGFd+KNKtnPgoFWYf52PGO1pd+1VHp10lNKhI=
github.com/aws/aws-sdk-go-v2/service/apigateway v1.39.3/go.mod h1:MwilTAruv11x8EFjsk1R0VfjMdCxB6JHVtanCqsTR5o=
github.com/aws/aws-sdk-go-v2/service/apigatewayv2 v1.35.2 h1:orEsWRJcc3WI3/r8ASkJ3cQZI+5c1fnewz7Sk2wrtXI=
github.com/aws/aws-sdk-go-v2/service/apigatewayv2 v1.35.2/go.mod h1:b9uJ/VaoDF142EPlU7pJbIq0BKUduGV9IIwKyaLMDnU=
github.com/aws/aws-sdk-go-v2/service/appmesh v1.35.14 h1:31mnzduRd3FyuGCwgdMfPAu6MG1XnQf4zJrPjpZvnbM=
github.com/aws/aws-sdk-go-v2/service/appmesh v1.35.14/go.mod h1:u/RTn1872BcpTxDnsQXi0AO8nxMch/46nlr3/loCpu8=
github.com/aws/aws-sdk-go-v2/service/appsync v1.53.7 h1:SjkXYNc15FoovS9k6ML7dO7pkXE3ns66RXwL+rfQVl8=
github.com/aws/aws-sdk-go-v2/service/appsync v1.53.7/go.mod h1:RcoBov7Pw38ViMxlthKRr1GLgHPPseA+kY2bupWVm10=
github.com/aws/aws-sdk-go-v2/service/athena v1.57.6 h1:QPDxHlfHmozXUj9rmUyxQiOLVEJL3qX4x56CrwAtytM=
github.com/aws/aws-sdk-go-v2/service/athena v1.57.6/go.mod h1:3QLTFWWkK+tGp4LD0ClX5Ib75MWE5H66vBat1N9f8Os=
github.com/aws/aws-sdk-go-v2/service/backup v1.55.2 h1:WhdT1PwOjTjKLGuD9lJDyNMgYmVaZgTHK06ioJKMBYE=
github.com/aws/aws-sdk-go-v2/service/backup v1.55.2/go.mod h1:uMh3ZDoLKhXldYL1qcBYy1HsNQfKgL/w8iF2onOyoKY=
github.com/aws/aws-sdk-go-v2/service/cloudformation v1.76.1 h1:UDQGJ9AuLcf4yiDKyHPGN4EirOLo/E8+Zfoii8FhyZs=
github.com/aws/aws-sdk-go-v2/service/cloudformation v1.76.1/go.mod h1:tCsJEKr4HMFIZSnXLx6rU2HlptPtLhWWfw2V2j9p7lE=
github.com/aws/aws-sdk-go-v2/service/cloudwatch v1.66.3 h1:bpL3nRqFErK0i1AAjCnFT5hKovNOZsNzcG+U8wrCbuc=
github.com/aws/aws-sdk-go-v2/service/cloudwatch v1.66.3/go.mod h1:wvC/zJUFlvcT+KTHLzpKe8PNU21NmTWrXxWBlzh0gTQ=
github.com/aws/aws-sdk-go-v2/service/cloudwatchlogs v1.81.1 h1:snTrm7koUumqi+IYoRDgsVfYBEM0naT29binkFO57M0=
github.com/aws/aws-sdk-go-v2/service/cloudwatchlogs v1.81.1/go.mod h1:o61Nvqd2pIpM6QHfChgSyQRvdIJzF0AHTss5ehFFfO0=
github.com/aws/aws-sdk-go-v2/service/dynamodb v1.57.3 h1:XgjzLEE8CrNYnr4Xmi1W5PfKsKMjp4Pu1rWkJNO43JI=
github.com/aws/aws-sdk-go-v2/service/dynamodb v1.57.3/go.mod h1:r7sfLXEN8RUA89tAHy1E7lCtVOOWIkqVy/FbnUdxW1E=
github.com/aws/aws-sdk-go-v2/service/dynamodbstreams v1.36.4 h1:7A7a50bOwLgIgOQUZ0BOi8hvWNPRAvcC/JPnsAvoZnA=
github.com/aws/aws-sdk-go-v2/service/dynamodbstreams v1.36.4/go.mod h1:TMfQzzsxLxSHSUNGLZ/ymm2X9poKpxgIS3QyuEYkHqs=
github.com/aws/aws-sdk-go-v2/service/ec2 v1.319.1 h1:+czrxOpRRTbqtD3hRk+eDohm4TBBfCLnz5iKs9zBDSg=
github.com/aws/aws-sdk-go-v2/service/ec2 v1.319.1/go.mod h1:Gi5mEHpABbT34fHwafgyxqrIte9oHUEHscusPBYEdHA=
github.com/aws/aws-sdk-go-v2/service/ecr v1.60.4 h1:qIgueZwgw+rANqXuL1Cjk2Lm/Pihbw2nx3C1D7eQD+k=
github.com/aws/aws-sdk-go-v2/service/ecr v1.60.4/go.mod h1:Jr9Mh7l72YtNr8nmEwcJiU4xwCerZB8/krBWW4RckmY=
github.com/aws/aws-sdk-go-v2/service/ecs v1.90.0 h1:uxOo7ZIoUh64cKhwC+zUY2A8oT7ZDdAjy5TvKr6KI6U=
github.com/aws/aws-sdk-go-v2/service/ecs v1.90.0/go.mod h1:HWkTC7ipdH6ZoideRpfI19PRRttgNPx8wlLnc9gdYKw=
github.com/aws/aws-sdk-go-v2/service/eventbridge v1.45.25 h1:9PZbyFSCN/E0TnqXqnvYJRhu7yQJv31vHG/vyuirbCY=
github.com/aws/aws-sdk-go-v2/service/eventbridge v1.45.25/go.mod h1:ZJ1LBykgykfLqmsP2pBUesSd24sL6SebSEeXzzJ2hhE=
github.com/aws/aws-sdk-go-v2/service/firehose v1.46.4 h1:ino6HYcZlJLEfK11lEtLGvCq62WF9rbOwCqQjikT5uk=
github.com/aws/aws-sdk-go-v2/service/firehose v1.46.4/go.mod h1:2nVkP6pIvegB/X33j+H14bVUADKwbuZdphy5CTF1/qs=
github.com/aws/aws-sdk-go-v2/service/iam v1.58.1 h1:zfcqlttrsc7l4bPHtnPlOGripqUsq7gH7hK7IOy4Mks=
github.com/aws/aws-sdk-go-v2/service/iam v1.58.1/go.mod h1:jrh5pABhfjnixtuljy4rP6LiPuibJ61dg3PAKv65XsU=
github.com/aws/aws-sdk-go-v2/service/internal/accept-encoding v1.13.15 h1:JJLBQxwY+AFwuPAi5ivGc1ChnTdUt4cXMv7e76m2c/Y=
github.com/aws/aws-sdk-go-v2/service/internal/accept-encoding v1.13.15/go.mod h1:lQknBIe78MVL0cQOQDlag8KGflMbMEVFx9mB6O8ENvk=
github.com/aws/aws-sdk-go-v2/service/internal/checksum v1.9.15 h1:ieLCO1JxUWuxTZ1cRd0GAaeX7O6cIxnwk7tc1LsQhC4=
github.com/aws/aws-sdk-go-v2/service/internal/checksum v1.9.15/go.mod h1:e3IzZvQ3kAWNykvE0Tr0RDZCMFInMvhku3qNpcIQXhM=
github.com/aws/aws-sdk-go-v2/service/internal/endpoint-discovery v1.11.23 h1:3Eo/PBBnjFi1+gYfaL286dpmFSW3mTfodBIybq36Qv4=
github.com/aws/aws-sdk-go-v2/service/internal/endpoint-discovery v1.11.23/go.mod h1:3oh+5xGSd1iuxonVb3Qbm+WJYlbhczT9kbzr6doJLzY=
github.com/aws/aws-sdk-go-v2/service/internal/presigned-url v1.13.35 h1:BBEElKh4a+rKshvjrfpajTe9CbpZvrbb4Jkg2PB7RzA=
github.com/aws/aws-sdk-go-v2/service/internal/presigned-url v1.13.35/go.mod h1:zaZk983w//8beSruBVec/mr4CmDwgZitW/qzGhAAX0g=
github.com/aws/aws-sdk-go-v2/service/internal/s3shared v1.19.23 h1:03xatSQO4+AM1lTAbnRg5OK528EUg744nW7F73U8DKw=
github.com/aws/aws-sdk-go-v2/service/internal/s3shared v1.19.23/go.mod h1:M8l3mwgx5ToK7wot2sBBce/ojzgnPzZXUV445gTSyE8=
github.com/aws/aws-sdk-go-v2/service/kinesis v1.43.7 h1:9FvrpWzkSPbm995UGQ4jOdRDuhQLmwgh/5t8UoosTdY=
github.com/aws/aws-sdk-go-v2/service/kinesis v1.43.7/go.mod h1:A7b/tv2nIcdfLY6EfH9fklY+L/wpVo6PtDJ6KA43PKg=
github.com/aws/aws-sdk-go-v2/service/kms v1.51.1 h1:zuSf4olLKZW8cF/W9Y5wvGT+/0raY/3kVp49KsGs0QY=
github.com/aws/aws-sdk-go-v2/service/kms v1.51.1/go.mod h1:Y0+uxvxz6ib4KktRdK0V4X45Vcs/JyYoz8H71pO8xeI=
github.com/aws/aws-sdk-go-v2/service/lambda v1.101.2 h1:CkTYIMCfXy2/Td2jLBqw341cNYbRxwSCNPxdDm5COXc=
github.com/aws/aws-sdk-go-v2/service/lambda v1.101.2/go.mod h1:1YzSvApzBChjIuI1UN2cN2roWoGjR/V7Ch3+pfIfyN0=
github.com/aws/aws-sdk-go-v2/service/s3 v1.100.1 h1:mxuT1xE+dI54NW3RkNjP8DUT5HXqbkiAFvfdyDFwE5c=
github.com/aws/aws-sdk-go-v2/service/s3 v1.100.1/go.mod h1:L2dcoOgS2VSgbPLvpak2NyUPsO1TBN7M45Z4H7DlRc4=
github.com/aws/aws-sdk-go-v2/service/secretsmanager v1.44.4 h1:yCy8e5a6pNHJnqlPn/f9RZ2J0UMwlxA30MRiNedSwzo=
github.com/aws/aws-sdk-go-v2/service/secretsmanager v1.44.4/go.mod h1:6DFMltRxgqNNlO+UrKGSxl3fHSAqDjDkTPoGiCLrElI=
github.com/aws/aws-sdk-go-v2/service/sfn v1.45.4 h1:SM1kF9OLEi49bzhYW5xjexvFWKz9NhnWfN6FpWBwLJw=
github.com/aws/aws-sdk-go-v2/service/sfn v1.45.4/go.mod h1:Ln5QOieZkb5PrbkzHXaFpzsXJFQUn1WbShNSY+p2CcM=
github.com/aws/aws-sdk-go-v2/service/signin v1.0.11 h1:TdJ+HdzOBhU8+iVAOGUTU63VXopcumCOF1paFulHWZc=
github.com/aws/aws-sdk-go-v2/service/signin v1.0.11/go.mod h1:R82ZRExE/nheo0N+T8zHPcLRTcH8MGsnR3BiVGX0TwI=
github.com/aws/aws-sdk-go-v2/service/sns v1.42.4 h1:cregOIHGsHahN/VX2Jd7oPjYSF0HUnz9YUJDHKsZJMU=
github.com/aws/aws-sdk-go-v2/service/sns v1.42.4/go.mod h1:EfxXlpPsLpJfVw6ykt9dGnao+OaEDVU4p69UaJQlBHs=
github.com/aws/aws-sdk-go-v2/service/sqs v1.42.27 h1:QgaWXVmNDxv/U/3UIHfGb7ohvtFgerf/bYcYylj4i8E=
github.com/aws/aws-sdk-go-v2/service/sqs v1.42.27/go.mod h1:8S6ExnLprS0oIeA8ZlHkJUJ0BMpKqnRPws/S0jegTqQ=
github.com/aws/aws-sdk-go-v2/service/ssm v1.73.4 h1:+QpoNtGPwN5o4VjM4UWs2a6sr1EpWB+9/y6oM4L0KTo=
github.com/aws/aws-sdk-go-v2/service/ssm v1.73.4/go.mod h1:i4v4VFk+bLmZfg8WIZbuZluLsQj6SXHX6uZrCv3UcQY=
github.com/aws/aws-sdk-go-v2/service/sso v1.30.17 h1:7byT8HUWrgoRp6sXjxtZwgOKfhss5fW6SkLBtqzgRoE=
github.com/aws/aws-sdk-go-v2/service/sso v1.30.17/go.mod h1:xNWknVi4Ezm1vg1QsB/5EWpAJURq22uqd38U8qKvOJc=
github.com/aws/aws-sdk-go-v2/service/ssooidc v1.35.21 h1:+1Kl1zx6bWi4X7cKi3VYh29h8BvsCoHQEQ6ST9X8w7w=
github.com/aws/aws-sdk-go-v2/service/ssooidc v1.35.21/go.mod h1:4vIRDq+CJB2xFAXZ+YgGUTiEft7oAQlhIs71xcSeuVg=
github.com/aws/aws-sdk-go-v2/service/sts v1.45.4 h1:w/AryDYMjSUANSQ2uoZxJovUsMTwWJNTv3IMex30Y+4=
github.com/aws/aws-sdk-go-v2/service/sts v1.45.4/go.mod h1:WeBiAa67azG7Su9Vf+ChGDBLiAozJCXzdjXiPBUwtbc=
github.com/aws/smithy-go v1.27.6 h1:0zjT8jgK3jbrTT7JJ3EE6JsMhX8JTrZ+f1sEndYDXrA=
github.com/aws/smithy-go v1.27.6/go.mod h1:YE2RhdIuDbA5E5bTdciG9KrW3+TiEONeUWCqxX9i1Fc=
github.com/cpuguy83/go-md2man/v2 v2.0.6/go.mod h1:oOW0eioCTA6cOiMLiUPZOpcVxMig6NIQQ7OS05n1F4g=
github.com/fxamacker/cbor/v2 v2.9.0 h1:NpKPmjDBgUfBms6tr6JZkTHtfFGcMKsw3eGcmD/sapM=
github.com/fxamacker/cbor/v2 v2.9.0/go.mod h1:vM4b+DJCtHn+zz7h3FFp/hDAI9WNWCsZj23V5ytsSxQ=
github.com/google/uuid v1.6.0 h1:NIvaJDMOsjHA8n1jAhLSgzrAzy1Hgr+hNrb57e+94F0=
github.com/google/uuid v1.6.0/go.mod h1:TIyPZe4MgqvfeYDBFedMoGGpEw/LqOeaOT+nhxU+yHo=
github.com/inconshreveable/mousetrap v1.1.0 h1:wN+x4NVGpMsO7ErUn/mUI3vEoE6Jt13X2s0bqwp9tc8=
github.com/inconshreveable/mousetrap v1.1.0/go.mod h1:vpF70FUmC8bwa3OWnCshd2FqLfsEA9PFc4w1p2J65bw=
github.com/russross/blackfriday/v2 v2.1.0/go.mod h1:+Rmxgy9KzJVeS9/2gXHxylqXiyQDYRxCVz55jmeOWTM=
github.com/spf13/cobra v1.10.2 h1:DMTTonx5m65Ic0GOoRY2c16WCbHxOOw6xxezuLaBpcU=
github.com/spf13/cobra v1.10.2/go.mod h1:7C1pvHqHw5A4vrJfjNwvOdzYu0Gml16OCs2GRiTUUS4=
github.com/spf13/pflag v1.0.9 h1:9exaQaMOCwffKiiiYk6/BndUBv+iRViNW+4lEMi0PvY=
github.com/spf13/pflag v1.0.9/go.mod h1:McXfInJRrz4CZXVZOBLb0bTZqETkiAhM9Iw0y3An2Bg=
github.com/x448/float16 v0.8.4 h1:qLwI1I70+NjRFUR3zs1JPUCgaCXSh3SW62uAKT1mSBM=
github.com/x448/float16 v0.8.4/go.mod h1:14CWIYCyZA/cWjXOioeEpHeN/83MdbZDRQHoFcYsOfg=
go.yaml.in/yaml/v3 v3.0.4/go.mod h1:DhzuOOF2ATzADvBadXxruRBLzYTpT36CKvDb3+aBEFg=
golang.org/x/crypto v0.47.0 h1:V6e3FRj+n4dbpw86FJ8Fv7XVOql7TEwpHapKoMJ/GO8=
golang.org/x/crypto v0.47.0/go.mod h1:ff3Y9VzzKbwSSEzWqJsJVBnWmRwRSHt/6Op5n9bQc4A=
golang.org/x/sys v0.40.0 h1:DBZZqJ2Rkml6QMQsZywtnjnnGvHza6BTfYFWY9kjEWQ=
golang.org/x/sys v0.40.0/go.mod h1:OgkHotnGiDImocRcuBABYBEXf8A9a87e/uXjp9XT3ks=
golang.org/x/term v0.39.0 h1:RclSuaJf32jOqZz74CkPA9qFuVTX7vhLlpfj/IGWlqY=
golang.org/x/term v0.39.0/go.mod h1:yxzUCTP/U+FzoxfdKmLaA0RV1WgE0VY7hXBwKtY/4ww=
gopkg.in/check.v1 v0.0.0-20161208181325-20d25e280405/go.mod h1:Co6ibVJAznAaIkqp8huTwlJQCZ016jof/cbN4VW5Yz0=
