github.com/aws/aws-sdk-go-v2 v1.41.7 h1:DWpAJt66FmnnaRIOT/8ASTucrvuDPZASqhhLey6tLY8=
github.com/aws/aws-sdk-go-v2 v1.41.7/go.mod h1:4LAfZOPHNVNQEckOACQx60Y8pSRjIkNZQz1w92xpMJc=
github.com/aws/aws-sdk-go-v2/aws/protocol/eventstream v1.7.10 h1:gx1AwW1Iyk9Z9dD9F4akX5gnN3QZwUB20GGKH/I+Rho=
github.com/aws/aws-sdk-go-v2/aws/protocol/eventstream v1.7.10/go.mod h1:qqY157uZoqm5OXq/amuaBJyC9hgBCBQnsaWnPe905GY=
github.com/aws/aws-sdk-go-v2/config v1.32.17 h1:FpL4/758/diKwqbytU0prpuiu60fgXKUWCpDJtApclU=
github.com/aws/aws-sdk-go-v2/config v1.32.17/go.mod h1:OXqUMzgXytfoF9JaKkhrOYsyh72t9G+MJH8mMRaexOE=
github.com/aws/aws-sdk-go-v2/credentials v1.19.16 h1:r3RJBuU7X9ibt8RHbMjWE6y60QbKBiII6wSrXnapxSU=
github.com/aws/aws-sdk-go-v2/credentials v1.19.16/go.mod h1:6cx7zqDENJDbBIIWX6P8s0h6hqHC8Avbjh9Dseo27ug=
github.com/aws/aws-sdk-go-v2/feature/ec2/imds v1.18.23 h1:UuSfcORqNSz/ey3VPRS8TcVH2Ikf0/sC+Hdj400QI6U=
github.com/aws/aws-sdk-go-v2/feature/ec2/imds v1.18.23/go.mod h1:+G/OSGiOFnSOkYloKj/9M35s74LgVAdJBSD5lsFfqKg=
github.com/aws/aws-sdk-go-v2/internal/configsources v1.4.23 h1:GpT/TrnBYuE5gan2cZbTtvP+JlHsutdmlV2YfEyNde0=
github.com/aws/aws-sdk-go-v2/internal/configsources v1.4.23/go.mod h1:xYWD6BS9ywC5bS3sz9Xh04whO/hzK2plt2Zkyrp4JuA=
github.com/aws/aws-sdk-go-v2/internal/endpoints/v2 v2.7.23 h1:bpd8vxhlQi2r1hiueOw02f/duEPTMK59Q4QMAoTTtTo=
github.com/aws/aws-sdk-go-v2/internal/endpoints/v2 v2.7.23/go.mod h1:15DfR2nw+CRHIk0tqNyifu3G1YdAOy68RftkhMDDwYk=
github.com/aws/aws-sdk-go-v2/internal/v4a v1.4.24 h1:OQqn11BtaYv1WLUowvcA30MpzIu8Ti4pcLPIIyoKZrA=
github.com/aws/aws-sdk-go-v2/internal/v4a v1.4.24/go.mod h1:X5ZJyfwVrWA96GzPmUCWFQaEARPR7gCrpq2E92PJwAE=
github.com/aws/aws-sdk-go-v2/service/acm v1.38.3 h1:Fzab84hCu3rw9R9Y3mH7SHfr/cSEHnCB0Mq1JCdr9t0=
github.com/aws/aws-sdk-go-v2/service/acm v1.38.3/go.mod h1:yCteizCNPaHt0SnNusoGGHvy0JDB0tvGDTVhEt5anZM=
github.com/aws/aws-sdk-go-v2/service/amplify v1.38.16 h1:gzzIbyyvOBH5LroqCzPbeVXvYATG1E6giLukqFrTAR8=
github.com/aws/aws-sdk-go-v2/service/amplify v1.38.16/go.mod h1:Cpr737zpOuoLZ137MQ5iImlVxP5A3pdKkVwgOBATy04=
github.com/aws/aws-sdk-go-v2/service/apigateway v1.39.3 h1:7MJlB7KGFd+KNKtnPgoFWYf52PGO1pd+1VHp10lNKhI=
github.com/aws/aws-sdk-go-v2/service/apigateway v1.39.3/go.mod h1:MwilTAruv11x8EFjsk1R0VfjMdCxB6JHVtanCqsTR5o=
github.com/aws/aws-sdk-go-v2/service/appmesh v1.35.14 h1:31mnzduRd3FyuGCwgdMfPAu6MG1XnQf4zJrPjpZvnbM=
github.com/aws/aws-sdk-go-v2/service/appmesh v1.35.14/go.mod h1:u/RTn1872BcpTxDnsQXi0AO8nxMch/46nlr3/loCpu8=
github.com/aws/aws-sdk-go-v2/service/appsync v1.53.7 h1:SjkXYNc15FoovS9k6ML7dO7pkXE3ns66RXwL+rfQVl8=
github.com/aws/aws-sdk-go-v2/service/appsync v1.53.7/go.mod h1:RcoBov7Pw38ViMxlthKRr1GLgHPPseA+kY2bupWVm10=
github.com/aws/aws-sdk-go-v2/service/athena v1.57.6 h1:QPDxHlfHmozXUj9rmUyxQiOLVEJL3qX4x56CrwAtytM=
github.com/aws/aws-sdk-go-v2/service/athena v1.57.6/go.mod h1:3QLTFWWkK+tGp4LD0ClX5Ib75MWE5H66vBat1N9f8Os=
github.com/aws/aws-sdk-go-v2/service/backup v1.55.2 h1:WhdT1PwOjTjKLGuD9lJDyNMgYmVaZgTHK06ioJKMBYE=
github.com/aws/aws-sdk-go-v2/service/backup v1.55.2/go.mod h1:uMh3ZDoLKhXldYL1qcBYy1HsNQfKgL/w8iF2onOyoKY=
github.com/aws/aws-sdk-go-v2/service/batch v1.64.2 h1:U9Wkhm5Pt2RJkO9UGH8Gqq4Mmu7rROeYSIL7UzZABDE=
github.com/aws/aws-sdk-go-v2/service/batch v1.64.2/go.mod h1:EHhfaNTxntvYHmSdHGLLSxuerqkMIlXY9lWjl+CJJxg=
github.com/aws/aws-sdk-go-v2/service/cloudformation v1.71.11 h1:gIRdzLv98ugE0nvMkub5yp4uziPFHF66ERrQ9JN+D54=
github.com/aws/aws-sdk-go-v2/service/cloudformation v1.71.11/go.mod h1:BMpnKVWK+343lUuI2ZM5bm282z+p61ZK9kwRg6/wBm4=
github.com/aws/aws-sdk-go-v2/service/cloudfront v1.64.0 h1:a6XmNe8cAvfrXVKwjXzWl9HHtuyE/n4kBroNm2mSOyo=
github.com/aws/aws-sdk-go-v2/service/cloudfront v1.64.0/go.mod h1:brhMG/gR2xEB5lezxL2Cx+hqsEzGUn4LhNUtu7+ePFE=
github.com/aws/aws-sdk-go-v2/service/cloudtrail v1.55.11 h1:3IDx7ybn7pyrLgVShEfGmEXec1xsqgoD1ADI1SxqKT0=
github.com/aws/aws-sdk-go-v2/service/cloudtrail v1.55.11/go.mod h1:iSArc5uhvz1S3EICNNvRzPksb6HPAUhltzMvoCrGyfM=
github.com/aws/aws-sdk-go-v2/service/cloudwatch v1.57.0 h1:dlkFtYOrwOuM7IIBD6FPLtt0Xvnph+8hqmmbzyowkCk=
github.com/aws/aws-sdk-go-v2/service/cloudwatch v1.57.0/go.mod h1:7900IH3EvTrwNGLNx3QDKnQwPF/Cw+pD9cuvBDQ4org=
github.com/aws/aws-sdk-go-v2/service/cloudwatchlogs v1.73.0 h1:JmrHkELR2Q0O28swrFMm0hZNwpQrV8qmbhnb7suKIfc=
github.com/aws/aws-sdk-go-v2/service/cloudwatchlogs v1.73.0/go.mod h1:MLJu3PUd8fp5Qvj4CiLvyY5H8y7kxHKlTp060Wsd+Vc=
github.com/aws/aws-sdk-go-v2/service/codeconnections v1.10.22 h1:VLjpUuPCiYBnO8r801Z/DKiqDcqi3XBPq7XZP/pGsd0=
github.com/aws/aws-sdk-go-v2/service/codeconnections v1.10.22/go.mod h1:TcTHKeyZCc14t8RI8PM8nbwid4Xr4CzxEZfHKcGlCiA=
github.com/aws/aws-sdk-go-v2/service/codeguruprofiler v1.29.22 h1:C1ok1hmNqQtSjd5PyISD0jYTma7MDl1xv0pkTYqD5Fc=
github.com/aws/aws-sdk-go-v2/service/codeguruprofiler v1.29.22/go.mod h1:fheDmr63trGw/27X+o9ZpPBN4GCOBCghaZBLoCO0NIo=
github.com/aws/aws-sdk-go-v2/service/codegurureviewer v1.34.22 h1:3SujyqCjZ0WFkwhReUv6bWvVzoqQeS//pQT7ByeqXiE=
github.com/aws/aws-sdk-go-v2/service/codegurureviewer v1.34.22/go.mod h1:Wt9LWJboCaH1z4Jq6TJr/DahjcenYatyFDdGXCQ++ro=
github.com/aws/aws-sdk-go-v2/service/cognitoidentityprovider v1.60.2 h1:pZxE29WAHgnk0jGj1P4UOOJnNPHXfltkfnK4F1Tg8jU=
github.com/aws/aws-sdk-go-v2/service/cognitoidentityprovider v1.60.2/go.mod h1:nbe4Nf/HOY+e54Dl+yjv04scYTGTC+4ZthbfOuPTXQs=
github.com/aws/aws-sdk-go-v2/service/comprehend v1.40.23 h1:pLIc5ffUWW8BbdW+cR8RslHk9SugHqNFHqoN2vaagMw=
github.com/aws/aws-sdk-go-v2/service/comprehend v1.40.23/go.mod h1:XdcHFOF8Kvzv6Ng37wgQgw59AMMxLT/sHrdZc2lLEK0=
github.com/aws/aws-sdk-go-v2/service/configservice v1.62.3 h1:8rcAUMhCUuQe7kVBTBLPqMsJWFSVDPSFdpFexVQEEdU=
github.com/aws/aws-sdk-go-v2/service/configservice v1.62.3/go.mod h1:PvCpYWzh0/jwa8v3jYJOaDobKiKQzFm1hI7+4Ms3J90=
github.com/aws/aws-sdk-go-v2/service/costexplorer v1.63.8 h1:rUg81vwoGgCmnQxsVl+B65QF8Qh+zYCluhyAcxsk79o=
github.com/aws/aws-sdk-go-v2/service/costexplorer v1.63.8/go.mod h1:V+bKJ05kIC6K0LH8TB3D5boy7F8BhrZeecoXLz1NlB4=
github.com/aws/aws-sdk-go-v2/service/dataexchange v1.41.2 h1:kO0lpy2o5+OFc7RA2u0xHQvf7gFmVxuljgbe9xt5d/M=
github.com/aws/aws-sdk-go-v2/service/dataexchange v1.41.2/go.mod h1:nozeyNDLibm9cyf4nf7yIdzMeQt+8w2mvuSQj6qKAE0=
github.com/aws/aws-sdk-go-v2/service/directoryservice v1.38.18 h1:jj7CHRntkLMhurirvfbf1jUhQznjn28U2cTVzXhsFlc=
github.com/aws/aws-sdk-go-v2/service/directoryservice v1.38.18/go.mod h1:7CWZoIlHKM1nPFm2nqSeoYJIjY+oyBnkQLrLiEIkctY=
github.com/aws/aws-sdk-go-v2/service/dlm v1.36.2 h1:VH6XnL8tNYQbSJJTVlXI6vGrmQc6cEcYoNX2GpGn6kg=
github.com/aws/aws-sdk-go-v2/service/dlm v1.36.2/go.mod h1:lZvlQUrRwgTdL3Bh/iyLf/z7XdBBowEAvbZXzgPg4/s=
github.com/aws/aws-sdk-go-v2/service/docdb v1.48.15 h1:jvP746CYJno9fSBqvPMShLPVu+P9wetNsSb+xYk52ag=
github.com/aws/aws-sdk-go-v2/service/docdb v1.48.15/go.mod h1:wMMgRe7xZVJu58h7CI06EV6n/QUOILSk53/3EYzkorg=
github.com/aws/aws-sdk-go-v2/service/dynamodb v1.57.3 h1:XgjzLEE8CrNYnr4Xmi1W5PfKsKMjp4Pu1rWkJNO43JI=
github.com/aws/aws-sdk-go-v2/service/dynamodb v1.57.3/go.mod h1:r7sfLXEN8RUA89tAHy1E7lCtVOOWIkqVy/FbnUdxW1E=
github.com/aws/aws-sdk-go-v2/service/ebs v1.33.16 h1:PmtR09EG6KZ7Zhsr7iidnH2XnJFNXeYILlUYwgX52qM=
github.com/aws/aws-sdk-go-v2/service/ebs v1.33.16/go.mod h1:UP0HXyXvZbfU8xUyOJNVARAGaWVnjJYLUQ7mZ0TB3Ig=
github.com/aws/aws-sdk-go-v2/service/ec2 v1.302.0 h1:7c0jQaj+QKYUo3pgtEm9fQIePJH6QJA3bVKIgCCLdvM=
github.com/aws/aws-sdk-go-v2/service/ec2 v1.302.0/go.mod h1:Y95W0Hm6FYLPa6o0hbnJ+sWgmdc4ifcLFjGkdobWVhY=
github.com/aws/aws-sdk-go-v2/service/ecr v1.57.2 h1:rHEW02JFJUV2/ttjzyPIvbD0YraqpyU2w6m6DfQUmdg=
github.com/aws/aws-sdk-go-v2/service/ecr v1.57.2/go.mod h1:gNS8pNht4VMzPd4UtQUL3NTUQbjEPLLmb9MqmqrqsCM=
github.com/aws/aws-sdk-go-v2/service/ecs v1.79.1 h1:tQNU4tC4cMoZo1e+7J8j3/GWM7PJFdXCN0VzEFwFqUE=
github.com/aws/aws-sdk-go-v2/service/ecs v1.79.1/go.mod h1:TIKZ9zIFS6W2k9FeW+r5sGVnlxp+aUt9oQ/St3Suj1o=
github.com/aws/aws-sdk-go-v2/service/eks v1.83.0 h1:mS5rkyFt+NYryy0p4n8o80tJjBmXiQrRCQjP8jZcSLY=
github.com/aws/aws-sdk-go-v2/service/eks v1.83.0/go.mod h1:JQcyECIV9iZHm+GMrWn1pTPTJYRavOVsqPvlCbjt+Fg=
github.com/aws/aws-sdk-go-v2/service/elasticache v1.52.2 h1:5wbCUfyxXcjIqesyVfJBBJs0bDMyejthtHyy48mfZCI=
github.com/aws/aws-sdk-go-v2/service/elasticache v1.52.2/go.mod h1:o4vQxDt6oteknUjkXIEskp0ccy+93NRTPKXw3HlVMFE=
github.com/aws/aws-sdk-go-v2/service/elasticbeanstalk v1.34.4 h1:0lWGw/CCacFJ97IBwi25huydqDogkF+aX0cnluiTsNA=
github.com/aws/aws-sdk-go-v2/service/elasticbeanstalk v1.34.4/go.mod h1:DVDotsaHVCjF12bvBnytGoD5VU+eRYpAuaKdB9US49Q=
github.com/aws/aws-sdk-go-v2/service/elasticloadbalancingv2 v1.54.12 h1:TJXv7kZjdXA2maPDaJFFEQPBrPmvPtMybN3qYDOpJ4Y=
github.com/aws/aws-sdk-go-v2/service/elasticloadbalancingv2 v1.54.12/go.mod h1:lwjtb9DHOAmNt7EUW68Zd1Qd+cPyFxacXHN5c9JZ2VY=
github.com/aws/aws-sdk-go-v2/service/emrserverless v1.40.2 h1:KpBYpGv+xGgu3pDSPNz0Kxlkz/5zk4zdbQtUSmhpA2k=
github.com/aws/aws-sdk-go-v2/service/emrserverless v1.40.2/go.mod h1:xfX7dZWdVvSyv9wDHlfpYp1iIA9Y+D/oYwAGYFDPgjQ=
github.com/aws/aws-sdk-go-v2/service/entityresolution v1.27.0 h1:MawXvXzeUzjaypyDRQZkB+kCEMOIKfoxotqdxL2A204=
github.com/aws/aws-sdk-go-v2/service/entityresolution v1.27.0/go.mod h1:UWBpWtHZCtHELd9FLOui+Y+GAfRwjFi6lavMkKvzm9Q=
github.com/aws/aws-sdk-go-v2/service/eventbridge v1.45.25 h1:9PZbyFSCN/E0TnqXqnvYJRhu7yQJv31vHG/vyuirbCY=
github.com/aws/aws-sdk-go-v2/service/eventbridge v1.45.25/go.mod h1:ZJ1LBykgykfLqmsP2pBUesSd24sL6SebSEeXzzJ2hhE=
github.com/aws/aws-sdk-go-v2/service/finspace v1.33.23 h1:82NyfnpmHfHzhedQ3hMRti2BUlWFR6Tpf5h5gtGjC8I=
github.com/aws/aws-sdk-go-v2/service/finspace v1.33.23/go.mod h1:4BIGPIjoKsxB3CGsaJ3+uLn6zn2j6Uu3xQEcXMGz+C8=
github.com/aws/aws-sdk-go-v2/service/firehose v1.42.16 h1:nSg1UAENCjuryTr9JMPMOPXkYOkcpVwQjrrp5rkHUus=
github.com/aws/aws-sdk-go-v2/service/firehose v1.42.16/go.mod h1:8atLs+8lOWcDaxiD+suvyvt63IuwLbT8zlU6Ti9qZiY=
github.com/aws/aws-sdk-go-v2/service/forecast v1.41.23 h1:/j+rpnV7VARMuD8ioHiyn2sz5Z+mYNNUxbaCXNvPRJU=
github.com/aws/aws-sdk-go-v2/service/forecast v1.41.23/go.mod h1:TwIEn4Wf9PlItwPe2/gYGUdFIl2omNyefLcTIlRecC8=
github.com/aws/aws-sdk-go-v2/service/gamelift v1.54.0 h1:TnDHcCjQbeyxNgWV67Gz8DigkCDcz6t4y+UWBItR1zc=
github.com/aws/aws-sdk-go-v2/service/gamelift v1.54.0/go.mod h1:krO76k8XMEa+hBF4M+zuyU2XXct6JQIdH5LKOrltHew=
github.com/aws/aws-sdk-go-v2/service/glacier v1.32.8 h1:OGRgf5Jd5Vfxksc/HU4oCuYVes+/N0qWbMys90WMLsw=
github.com/aws/aws-sdk-go-v2/service/glacier v1.32.8/go.mod h1:GnOJNdxnD5QSBqILVzFAjURLpXrQrUH83amUZam2I1o=
github.com/aws/aws-sdk-go-v2/service/globalaccelerator v1.35.18 h1:ZtOElW3+A7mbkToRg32CRvw2kmhLZH8RfOjis29ArzA=
github.com/aws/aws-sdk-go-v2/service/globalaccelerator v1.35.18/go.mod h1:e2pOrIpl2zSGFiNvd0FvAP01z9XOKR9Y1aJ7dYiE2YM=
github.com/aws/aws-sdk-go-v2/service/glue v1.142.0 h1:ztxbPEsd9yyuf2A41ZwtCXtI61t7ocnQ7vUdziFiFUc=
github.com/aws/aws-sdk-go-v2/service/glue v1.142.0/go.mod h1:FZCvt95CcJWRkZNRcmMW1uQkpDHmyUSkZfz3awyZgqg=
github.com/aws/aws-sdk-go-v2/service/iam v1.53.10 h1:kcN3I3llO7VwIY5w3Pc5FmEonpsr23Ou7Cwk4qf7dik=
github.com/aws/aws-sdk-go-v2/service/iam v1.53.10/go.mod h1:1vkJzjCYC3byO0kIrBqLPzvZpuvYhPXkuyARs6E7tM4=
github.com/aws/aws-sdk-go-v2/service/internal/accept-encoding v1.13.9 h1:FLudkZLt5ci0ozzgkVo8BJGwvqNaZbTWb3UcucAateA=
github.com/aws/aws-sdk-go-v2/service/internal/accept-encoding v1.13.9/go.mod h1:w7wZ/s9qK7c8g4al+UyoF1Sp/Z45UwMGcqIzLWVQHWk=
github.com/aws/aws-sdk-go-v2/service/internal/checksum v1.9.15 h1:ieLCO1JxUWuxTZ1cRd0GAaeX7O6cIxnwk7tc1LsQhC4=
github.com/aws/aws-sdk-go-v2/service/internal/checksum v1.9.15/go.mod h1:e3IzZvQ3kAWNykvE0Tr0RDZCMFInMvhku3qNpcIQXhM=
github.com/aws/aws-sdk-go-v2/service/internal/endpoint-discovery v1.11.23 h1:3Eo/PBBnjFi1+gYfaL286dpmFSW3mTfodBIybq36Qv4=
github.com/aws/aws-sdk-go-v2/service/internal/endpoint-discovery v1.11.23/go.mod h1:3oh+5xGSd1iuxonVb3Qbm+WJYlbhczT9kbzr6doJLzY=
github.com/aws/aws-sdk-go-v2/service/internal/presigned-url v1.13.23 h1:pbrxO/kuIwgEsOPLkaHu0O+m4fNgLU8B3vxQ+72jTPw=
github.com/aws/aws-sdk-go-v2/service/internal/presigned-url v1.13.23/go.mod h1:/CMNUqoj46HpS3MNRDEDIwcgEnrtZlKRaHNaHxIFpNA=
github.com/aws/aws-sdk-go-v2/service/internal/s3shared v1.19.23 h1:03xatSQO4+AM1lTAbnRg5OK528EUg744nW7F73U8DKw=
github.com/aws/aws-sdk-go-v2/service/internal/s3shared v1.19.23/go.mod h1:M8l3mwgx5ToK7wot2sBBce/ojzgnPzZXUV445gTSyE8=
github.com/aws/aws-sdk-go-v2/service/kafka v1.51.0 h1:ovcPO5rh87iOWFMLAwtgyHEzZOCx0WYemd7thWdnXME=
github.com/aws/aws-sdk-go-v2/service/kafka v1.51.0/go.mod h1:pW4pYNuVeScl13yqwsjLY0F/7g2YD8E0AvR6SOQsJZE=
github.com/aws/aws-sdk-go-v2/service/kinesis v1.43.7 h1:9FvrpWzkSPbm995UGQ4jOdRDuhQLmwgh/5t8UoosTdY=
github.com/aws/aws-sdk-go-v2/service/kinesis v1.43.7/go.mod h1:A7b/tv2nIcdfLY6EfH9fklY+L/wpVo6PtDJ6KA43PKg=
github.com/aws/aws-sdk-go-v2/service/kms v1.51.1 h1:zuSf4olLKZW8cF/W9Y5wvGT+/0raY/3kVp49KsGs0QY=
github.com/aws/aws-sdk-go-v2/service/kms v1.51.1/go.mod h1:Y0+uxvxz6ib4KktRdK0V4X45Vcs/JyYoz8H71pO8xeI=
github.com/aws/aws-sdk-go-v2/service/lambda v1.90.1 h1:odCeJgHXfQoXEWQUIzPkKvsJTWcLMsaOWowNpovPFFw=
github.com/aws/aws-sdk-go-v2/service/lambda v1.90.1/go.mod h1:NbtJVztitG7JkuoI4GSrDUlsB32zeXqKBvXj6bUxcMo=
github.com/aws/aws-sdk-go-v2/service/location v1.51.1 h1:V2YRh41kS0i5lzJqEJlpnv5ljKUKBPQl0WJ8p8MEYU8=
github.com/aws/aws-sdk-go-v2/service/location v1.51.1/go.mod h1:vItA3+XI99kmKXC2ILRMsBVOLB6lNUg5E5Jn01JGE78=
github.com/aws/aws-sdk-go-v2/service/macie2 v1.51.2 h1:JPIqNyD7JAaQddkmXRFVI7My2vtJ40uqTpEYIlnTEVw=
github.com/aws/aws-sdk-go-v2/service/macie2 v1.51.2/go.mod h1:Y1uuzDg6j6jVdm/xMgIgEaCJ2fMLPAgoKzKYuMBhJUQ=
github.com/aws/aws-sdk-go-v2/service/memorydb v1.33.16 h1:sFFA8VBMMksHbFaV689agmYNnKeP162vtYg+4U/Orks=
github.com/aws/aws-sdk-go-v2/service/memorydb v1.33.16/go.mod h1:Iv+M4ZOQuUzzM7MeyFi/qBZRejA9vi689eZ//Zdxbac=
github.com/aws/aws-sdk-go-v2/service/mq v1.34.22 h1:l7nzDTuFH15cvRIFo5cFokN5g+9sA/ZYUsiffFBTObk=
github.com/aws/aws-sdk-go-v2/service/mq v1.34.22/go.mod h1:aWvcRNyk/LFb3R6xIJE1o4MDwJcLjXhpdlg8X4kW57k=
github.com/aws/aws-sdk-go-v2/service/neptune v1.44.5 h1:v+XVk5OQnhm6EasbClY036A1gTtVdtdNdG8/Q3rLYU4=
github.com/aws/aws-sdk-go-v2/service/neptune v1.44.5/go.mod h1:Y/yH7q6R/qaO4g6YTBbAMSu5T4NjVo+7+P1UNZ2NlzA=
github.com/aws/aws-sdk-go-v2/service/organizations v1.51.3 h1:LWSmXWwYzR9yRcszxyqaKuPCO4E6g/iknZv1kQIkD7I=
github.com/aws/aws-sdk-go-v2/service/organizations v1.51.3/go.mod h1:DGpC4BVQ1zS8X/nFYfHGiHyAhrsb8gZ8pPxn+Jf0iPY=
github.com/aws/aws-sdk-go-v2/service/pinpointsmsvoicev2 v1.28.1 h1:/VHcMhlAlke9EAA00VbUu/Qi7QTfqSn/ubE7+G063f8=
github.com/aws/aws-sdk-go-v2/service/pinpointsmsvoicev2 v1.28.1/go.mod h1:nP/WmnsBm7G24zucbAUnYp7t6qsipB6Ed1k50oD7Xck=
github.com/aws/aws-sdk-go-v2/service/pipes v1.23.22 h1:hmfDlMVre8V5t46Y6qZpPGyzDsnYEkZVtZnVSyd5c/k=
github.com/aws/aws-sdk-go-v2/service/pipes v1.23.22/go.mod h1:zpfI78kzmseqeSDG1tA4++Y8TKMDDTBQcFiwNoPgjgU=
github.com/aws/aws-sdk-go-v2/service/rds v1.118.2 h1:pkEeQneYFpTAnGhyqSbyp/DlCPPJTGt0GkWahlLYzMA=
github.com/aws/aws-sdk-go-v2/service/rds v1.118.2/go.mod h1:7gS+cGrKF0mH253QHFlStmx79ws+DlNk+04ZRfmw3U0=
github.com/aws/aws-sdk-go-v2/service/redshift v1.62.8 h1:5Wg38ZauCqmomDAGTCDbA/t4vR5fUqIBTEwAOAswdng=
github.com/aws/aws-sdk-go-v2/service/redshift v1.62.8/go.mod h1:uLWlNO4q8278lSx2iKIJZ09zSXNJ6uQTFM1jvZIZRf4=
github.com/aws/aws-sdk-go-v2/service/rekognition v1.51.24 h1:TjTpw5c4Z5DFHRHMZqL+rR/Jk9zlsGW4/gQxCqgWiHY=
github.com/aws/aws-sdk-go-v2/service/rekognition v1.51.24/go.mod h1:1j7mu8NwhHLrAB43agCDAv4BsncoE0Ld+JWpDgUKH6w=
github.com/aws/aws-sdk-go-v2/service/resiliencehub v1.35.15 h1:gSGa3B9fTtXIbJCU0AapjjHtMOTZk2jkKxtqcErNdZI=
github.com/aws/aws-sdk-go-v2/service/resiliencehub v1.35.15/go.mod h1:SgbYsV9bP7Ol85rNEwH3PY1cgw/UWZCNkoUhMfb236U=
github.com/aws/aws-sdk-go-v2/service/route53 v1.62.7 h1:twRRMmtSITnt/rrp+D7UDLzE5pKMZe759aalkUdN+OY=
github.com/aws/aws-sdk-go-v2/service/route53 v1.62.7/go.mod h1:ztM1lr+sRoCAI8336ZUvlRPbToue0d3gE/wd6jomSJ8=
github.com/aws/aws-sdk-go-v2/service/route53resolver v1.43.0 h1:+V3kVGgJclqO3Vt+KED8iIdefWIqg9n4/3wxb5H6TKw=
github.com/aws/aws-sdk-go-v2/service/route53resolver v1.43.0/go.mod h1:OAvZZokn38D2+MY88EllrzDyl6MyEHTRAx0u5WvqBAI=
github.com/aws/aws-sdk-go-v2/service/s3 v1.100.1 h1:mxuT1xE+dI54NW3RkNjP8DUT5HXqbkiAFvfdyDFwE5c=
github.com/aws/aws-sdk-go-v2/service/s3 v1.100.1/go.mod h1:L2dcoOgS2VSgbPLvpak2NyUPsO1TBN7M45Z4H7DlRc4=
github.com/aws/aws-sdk-go-v2/service/s3control v1.70.1 h1:jbMg6zIdFawDnLhbzaLGUxaMN2H42wP4hKsjG0OuLmA=
github.com/aws/aws-sdk-go-v2/service/s3control v1.70.1/go.mod h1:BJiTF1ijkh2XHYqan51v2pmnHyVFp1H31vqEuC/wEFw=
github.com/aws/aws-sdk-go-v2/service/s3tables v1.15.2 h1:a3XYwgDb0SnjQD5TqEOi+9pwOOxXWnoVpqHAn9Vz4Eo=
github.com/aws/aws-sdk-go-v2/service/s3tables v1.15.2/go.mod h1:eppybYlnphhnRlQ92dS4ENotpFE2OmwyJsVIICCOjW8=
github.com/aws/aws-sdk-go-v2/service/sagemaker v1.247.0 h1:Hd/Kxya6wpDgIs4sr/7OvRv88ly8ZokBYcme/AS2sRw=
github.com/aws/aws-sdk-go-v2/service/sagemaker v1.247.0/go.mod h1:CWbiQe1BkvmBlSfdI8DOoNaqoehc2+JWnylOfmR7aKU=
github.com/aws/aws-sdk-go-v2/service/scheduler v1.17.24 h1:F4gvh9TJcEZVqirKpX/FBWEMK6tvnGSVf4FWDvFtSQw=
github.com/aws/aws-sdk-go-v2/service/scheduler v1.17.24/go.mod h1:0/mvOL++cUfpS4KgHigHDo+x8KLYG/grOTyIOw3KCPM=
github.com/aws/aws-sdk-go-v2/service/secretsmanager v1.41.7 h1:JUGKqUnJHbXpS8uyuICP/zpQ+vXUIXW2zTEqjMLCqrY=
github.com/aws/aws-sdk-go-v2/service/secretsmanager v1.41.7/go.mod h1:l/cqI7ujYqBuTR6Ll13d9/gG/uUdlVzJ1UDltEEBTOo=
github.com/aws/aws-sdk-go-v2/service/securitylake v1.25.15 h1:s92UU/ju1C28XiBmf4nmCRYnWLOpbxuLJ/iCDPC0RLg=
github.com/aws/aws-sdk-go-v2/service/securitylake v1.25.15/go.mod h1:JgTWGploCcj5G0rPdcYDR3Ao3T4J4kPMEB5hPv6IGBk=
github.com/aws/aws-sdk-go-v2/service/servicequotas v1.34.7 h1:LRcX5C4jwSmkbmkamPVLU3/VALAo0Fuy77a2TgMKYx0=
github.com/aws/aws-sdk-go-v2/service/servicequotas v1.34.7/go.mod h1:52QJsp2N27Em8o5H/cgkBwjTY4I/TYpTBHMlqhuCHMQ=
github.com/aws/aws-sdk-go-v2/service/sesv2 v1.60.4 h1:X/PtmuX/EwPivJ9lHCf3Auo8AktdNc4a9ury4zmGPC4=
github.com/aws/aws-sdk-go-v2/service/sesv2 v1.60.4/go.mod h1:l5cTwZSX9kzxDHz9IpgZC0XIJ/cc43JL6hZzCd0iTwI=
github.com/aws/aws-sdk-go-v2/service/sfn v1.41.0 h1:DjtJU3mUbj3Q6ggWmiCZuBfOf1k89O55knWuLABRUYs=
github.com/aws/aws-sdk-go-v2/service/sfn v1.41.0/go.mod h1:4FYhQ/fQeVDlW53MUOevhxGhJ9RYOYV8HSwyVmFCer0=
github.com/aws/aws-sdk-go-v2/service/signin v1.0.11 h1:TdJ+HdzOBhU8+iVAOGUTU63VXopcumCOF1paFulHWZc=
github.com/aws/aws-sdk-go-v2/service/signin v1.0.11/go.mod h1:R82ZRExE/nheo0N+T8zHPcLRTcH8MGsnR3BiVGX0TwI=
github.com/aws/aws-sdk-go-v2/service/sns v1.39.17 h1:synXIPC/L4Cc489P0XDcrVJzHSLj7krKRpFLalbGM2k=
github.com/aws/aws-sdk-go-v2/service/sns v1.39.17/go.mod h1:4ABZnI23uNK37waIjGwkubnCwGhepIt9x1GvASfljJA=
github.com/aws/aws-sdk-go-v2/service/sqs v1.42.27 h1:QgaWXVmNDxv/U/3UIHfGb7ohvtFgerf/bYcYylj4i8E=
github.com/aws/aws-sdk-go-v2/service/sqs v1.42.27/go.mod h1:8S6ExnLprS0oIeA8ZlHkJUJ0BMpKqnRPws/S0jegTqQ=
github.com/aws/aws-sdk-go-v2/service/ssm v1.68.6 h1:0LPJjbSNEDHidGOXa0LfvSVbdn9/GdlJUQTgE0kFpso=
github.com/aws/aws-sdk-go-v2/service/ssm v1.68.6/go.mod h1:SrZAopBP5/lyQ6NBVXKlRp8wPIXhzBCZU98sEozmv8Y=
github.com/aws/aws-sdk-go-v2/service/sso v1.30.17 h1:7byT8HUWrgoRp6sXjxtZwgOKfhss5fW6SkLBtqzgRoE=
github.com/aws/aws-sdk-go-v2/service/sso v1.30.17/go.mod h1:xNWknVi4Ezm1vg1QsB/5EWpAJURq22uqd38U8qKvOJc=
github.com/aws/aws-sdk-go-v2/service/ssooidc v1.35.21 h1:+1Kl1zx6bWi4X7cKi3VYh29h8BvsCoHQEQ6ST9X8w7w=
github.com/aws/aws-sdk-go-v2/service/ssooidc v1.35.21/go.mod h1:4vIRDq+CJB2xFAXZ+YgGUTiEft7oAQlhIs71xcSeuVg=
github.com/aws/aws-sdk-go-v2/service/sts v1.42.1 h1:F/M5Y9I3nwr2IEpshZgh1GeHpOItExNM9L1euNuh/fk=
github.com/aws/aws-sdk-go-v2/service/sts v1.42.1/go.mod h1:mTNxImtovCOEEuD65mKW7DCsL+2gjEH+RPEAexAzAio=
github.com/aws/aws-sdk-go-v2/service/xray v1.36.23 h1:23UXC4h6nNZqOmk+xaXcfyTH/IIvqWycQk154GaSiE8=
github.com/aws/aws-sdk-go-v2/service/xray v1.36.23/go.mod h1:XEYnz2YYwBDEDHrfBWjv31kK8vCTrvCcnS7K7vyrDA0=
github.com/aws/smithy-go v1.25.1 h1:J8ERsGSU7d+aCmdQur5Txg6bVoYelvQJgtZehD12GkI=
github.com/aws/smithy-go v1.25.1/go.mod h1:YE2RhdIuDbA5E5bTdciG9KrW3+TiEONeUWCqxX9i1Fc=
github.com/cpuguy83/go-md2man/v2 v2.0.6/go.mod h1:oOW0eioCTA6cOiMLiUPZOpcVxMig6NIQQ7OS05n1F4g=
github.com/fxamacker/cbor/v2 v2.9.0 h1:NpKPmjDBgUfBms6tr6JZkTHtfFGcMKsw3eGcmD/sapM=
github.com/fxamacker/cbor/v2 v2.9.0/go.mod h1:vM4b+DJCtHn+zz7h3FFp/hDAI9WNWCsZj23V5ytsSxQ=
github.com/google/uuid v1.6.0 h1:NIvaJDMOsjHA8n1jAhLSgzrAzy1Hgr+hNrb57e+94F0=
github.com/google/uuid v1.6.0/go.mod h1:TIyPZe4MgqvfeYDBFedMoGGpEw/LqOeaOT+nhxU+yHo=
github.com/inconshreveable/mousetrap v1.1.0 h1:wN+x4NVGpMsO7ErUn/mUI3vEoE6Jt13X2s0bqwp9tc8=
github.com/inconshreveable/mousetrap v1.1.0/go.mod h1:vpF70FUmC8bwa3OWnCshd2FqLfsEA9PFc4w1p2J65bw=
github.com/russross/blackfriday/v2 v2.1.0/go.mod h1:+Rmxgy9KzJVeS9/2gXHxylqXiyQDYRxCVz55jmeOWTM=
github.com/sivchari/golden v0.3.0 h1:WUtMlhvqeH8mXcX4hsZwyfrA5jeNz5F9IL1w+u7Ew7w=
github.com/sivchari/golden v0.3.0/go.mod h1:gddwjsjxPtLYRCq0M471x9WD9khQWty82Yn/PZ/2I8E=
github.com/spf13/cobra v1.10.2 h1:DMTTonx5m65Ic0GOoRY2c16WCbHxOOw6xxezuLaBpcU=
github.com/spf13/cobra v1.10.2/go.mod h1:7C1pvHqHw5A4vrJfjNwvOdzYu0Gml16OCs2GRiTUUS4=
github.com/spf13/pflag v1.0.9 h1:9exaQaMOCwffKiiiYk6/BndUBv+iRViNW+4lEMi0PvY=
github.com/spf13/pflag v1.0.9/go.mod h1:McXfInJRrz4CZXVZOBLb0bTZqETkiAhM9Iw0y3An2Bg=
github.com/x448/float16 v0.8.4 h1:qLwI1I70+NjRFUR3zs1JPUCgaCXSh3SW62uAKT1mSBM=
github.com/x448/float16 v0.8.4/go.mod h1:14CWIYCyZA/cWjXOioeEpHeN/83MdbZDRQHoFcYsOfg=
go.yaml.in/yaml/v3 v3.0.4/go.mod h1:DhzuOOF2ATzADvBadXxruRBLzYTpT36CKvDb3+aBEFg=
golang.org/x/crypto v0.47.0 h1:V6e3FRj+n4dbpw86FJ8Fv7XVOql7TEwpHapKoMJ/GO8=
golang.org/x/crypto v0.47.0/go.mod h1:ff3Y9VzzKbwSSEzWqJsJVBnWmRwRSHt/6Op5n9bQc4A=
golang.org/x/sys v0.40.0 h1:DBZZqJ2Rkml6QMQsZywtnjnnGvHza6BTfYFWY9kjEWQ=
golang.org/x/sys v0.40.0/go.mod h1:OgkHotnGiDImocRcuBABYBEXf8A9a87e/uXjp9XT3ks=
golang.org/x/term v0.39.0 h1:RclSuaJf32jOqZz74CkPA9qFuVTX7vhLlpfj/IGWlqY=
golang.org/x/term v0.39.0/go.mod h1:yxzUCTP/U+FzoxfdKmLaA0RV1WgE0VY7hXBwKtY/4ww=
gopkg.in/check.v1 v0.0.0-20161208181325-20d25e280405/go.mod h1:Co6ibVJAznAaIkqp8huTwlJQCZ016jof/cbN4VW5Yz0=
